version = 1
revision = 1
requires-python = ">=3.12,<3.13"

[[package]]
name = "fixture-06-consumer"
version = "0.0.1"
source = { virtual = "." }
dependencies = [
    { name = "pkg-a" },
    { name = "pkg-b" },
    { name = "pkg-c" },
]

[[package]]
name = "pkg-a"
version = "1.0.0"
source = { registry = "https://pypi.org/simple" }
sdist = { url = "https://files.pythonhosted.org/packages/00/pkg-a-1.0.0.tar.gz", hash = "sha256:aaaaaaaaaaaaaaaaaaaaaaaaaaaaaaaaaaaaaaaaaaaaaaaaaaaaaaaaaaaaaaaa", size = 1024 }

[[package]]
name = "pkg-b"
version = "1.0.0"
source = { registry = "https://pypi.org/simple" }
sdist = { url = "https://files.pythonhosted.org/packages/00/pkg-b-1.0.0.tar.gz", hash = "sha256:bbbbbbbbbbbbbbbbbbbbbbbbbbbbbbbbbbbbbbbbbbbbbbbbbbbbbbbbbbbbbbbb", size = 1024 }

[[package]]
name = "pkg-c"
version = "1.0.0"
source = { registry = "https://pypi.org/simple" }
sdist = { url = "https://files.pythonhosted.org/packages/00/pkg-c-1.0.0.tar.gz", hash = "sha256:cccccccccccccccccccccccccccccccccccccccccccccccccccccccccccccccc", size = 1024 }
